
Microsoft Visual Studio Solution File, Format Version 12.00
# Visual Studio 15
VisualStudioVersion = 15.0.28307.136
MinimumVisualStudioVersion = 10.0.40219.1
Project("{FAE04EC0-301F-11D3-BF4B-00C04F79EFBC}") = "WebApiHello", "WebApiHello.csproj", "{5D9675BB-1292-4A29-85FA-8A408371057A}"
EndProject
Global
	GlobalSection(SolutionConfigurationPlatforms) = preSolution
		Debug|Any CPU = Debug|Any CPU
	EndGlobalSection
	GlobalSection(ProjectConfigurationPlatforms) = postSolution
		{5D9675BB-1292-4A29-85FA-8A408371057A}.Debug|Any CPU.ActiveCfg = Debug|Any CPU
		{5D9675BB-1292-4A29-85FA-8A408371057A}.Debug|Any CPU.Build.0 = Debug|Any CPU
	EndGlobalSection
	GlobalSection(SolutionProperties) = preSolution
		HideSolutionNode = FALSE
	EndGlobalSection
	GlobalSection(ExtensibilityGlobals) = postSolution
		SolutionGuid = {A8B684A1-9261-47DE-88BD-6FED46DF94AE}
	EndGlobalSection
EndGlobal
